
Microsoft Visual Studio Solution File, Format Version 12.00
# Visual Studio Version 17
VisualStudioVersion = 17.4.33110.190
MinimumVisualStudioVersion = 10.0.40219.1
Project("{FAE04EC0-301F-11D3-BF4B-00C04F79EFBC}") = "MeddlingIdiot.HOS.Auditor", "MeddlingIdiot.HOS.Auditor\MeddlingIdiot.HOS.Auditor.csproj", "{6674BCB1-DB55-42F8-9670-3CE722BAB272}"
EndProject
Project("{FAE04EC0-301F-11D3-BF4B-00C04F79EFBC}") = "_build", "build\_build.csproj", "{D252BA55-F01F-4AEF-A33B-68C4003066C6}"
EndProject
Project("{FAE04EC0-301F-11D3-BF4B-00C04F79EFBC}") = "MeddlingIdiot.HOS.Auditor.UnitTests", "MeddlingIdiot.HOS.Auditor.UnitTests\MeddlingIdiot.HOS.Auditor.UnitTests.csproj", "{EE82B81B-DFB5-47EC-B597-8FAB77FFD45D}"
EndProject
Project("{2150E333-8FDC-42A3-9474-1A3956D46DE8}") = "Solution Items", "Solution Items", "{330CBE36-DAD9-4000-90ED-0B91E31DC804}"
	ProjectSection(SolutionItems) = preProject
		.gitignore = .gitignore
		.gitleaks.toml = .gitleaks.toml
		CHANGELOG.md = CHANGELOG.md
		Directory.Build.props = Directory.Build.props
		dotnet-tools.json = dotnet-tools.json
		gitleaks.toml = gitleaks.toml
		GitVersion.yml = GitVersion.yml
		nuget.config = nuget.config
		README.md = README.md
	EndProjectSection
EndProject
Global
	GlobalSection(SolutionConfigurationPlatforms) = preSolution
		Debug|Any CPU = Debug|Any CPU
		Release|Any CPU = Release|Any CPU
	EndGlobalSection
	GlobalSection(ProjectConfigurationPlatforms) = postSolution
		{6674BCB1-DB55-42F8-9670-3CE722BAB272}.Debug|Any CPU.ActiveCfg = Debug|Any CPU
		{6674BCB1-DB55-42F8-9670-3CE722BAB272}.Debug|Any CPU.Build.0 = Debug|Any CPU
		{6674BCB1-DB55-42F8-9670-3CE722BAB272}.Release|Any CPU.ActiveCfg = Release|Any CPU
		{6674BCB1-DB55-42F8-9670-3CE722BAB272}.Release|Any CPU.Build.0 = Release|Any CPU
		{D252BA55-F01F-4AEF-A33B-68C4003066C6}.Debug|Any CPU.ActiveCfg = Debug|Any CPU
		{D252BA55-F01F-4AEF-A33B-68C4003066C6}.Release|Any CPU.ActiveCfg = Release|Any CPU
		{EE82B81B-DFB5-47EC-B597-8FAB77FFD45D}.Debug|Any CPU.ActiveCfg = Debug|Any CPU
		{EE82B81B-DFB5-47EC-B597-8FAB77FFD45D}.Debug|Any CPU.Build.0 = Debug|Any CPU
		{EE82B81B-DFB5-47EC-B597-8FAB77FFD45D}.Release|Any CPU.ActiveCfg = Release|Any CPU
		{EE82B81B-DFB5-47EC-B597-8FAB77FFD45D}.Release|Any CPU.Build.0 = Release|Any CPU
	EndGlobalSection
	GlobalSection(SolutionProperties) = preSolution
		HideSolutionNode = FALSE
	EndGlobalSection
	GlobalSection(ExtensibilityGlobals) = postSolution
		SolutionGuid = {90F4F249-D2B9-43FE-9674-CC1E36EB5F3A}
	EndGlobalSection
EndGlobal
